// !$*UTF8*$!
{
	archiveVersion = 1;
	classes = {
	};
	objectVersion = 48;
	objects = {

/* Begin PBXBuildFile section */
		1206977020416B1600234B56 /* mainPageController.swift in Sources */ = {isa = PBXBuildFile; fileRef = 1206976F20416B1600234B56 /* mainPageController.swift */; };
		120D2489203B77820000CAAD /* playViewController.swift in Sources */ = {isa = PBXBuildFile; fileRef = 120D2488203B77820000CAAD /* playViewController.swift */; };
		120D248D203B935C0000CAAD /* AValeur.swift in Sources */ = {isa = PBXBuildFile; fileRef = 120D248C203B935C0000CAAD /* AValeur.swift */; };
		120D248F203B938F0000CAAD /* APoint.swift in Sources */ = {isa = PBXBuildFile; fileRef = 120D248E203B938F0000CAAD /* APoint.swift */; };
		120D2491203B93C30000CAAD /* ADifference.swift in Sources */ = {isa = PBXBuildFile; fileRef = 120D2490203B93C30000CAAD /* ADifference.swift */; };
		120D2493203B93F80000CAAD /* ASimilarites.swift in Sources */ = {isa = PBXBuildFile; fileRef = 120D2492203B93F80000CAAD /* ASimilarites.swift */; };
		120D2495203B942D0000CAAD /* APenta.swift in Sources */ = {isa = PBXBuildFile; fileRef = 120D2494203B942D0000CAAD /* APenta.swift */; };
		120D2497203BA9D70000CAAD /* transparent.png in Resources */ = {isa = PBXBuildFile; fileRef = 120D2496203BA9D70000CAAD /* transparent.png */; };
		121DB758204874B300DDAC40 /* regexp20.png in Resources */ = {isa = PBXBuildFile; fileRef = 121DB757204874B200DDAC40 /* regexp20.png */; };
		123E35FF2046EEC4009F0B82 /* Media.xcassets in Resources */ = {isa = PBXBuildFile; fileRef = 123E35FE2046EEC3009F0B82 /* Media.xcassets */; };
		123E36012046EFCB009F0B82 /* background.png in Resources */ = {isa = PBXBuildFile; fileRef = 123E36002046EFCB009F0B82 /* background.png */; };
		123E36032046F1B2009F0B82 /* background2.png in Resources */ = {isa = PBXBuildFile; fileRef = 123E36022046F1B2009F0B82 /* background2.png */; };
		123E3605204710A5009F0B82 /* Background3.png in Resources */ = {isa = PBXBuildFile; fileRef = 123E3604204710A5009F0B82 /* Background3.png */; };
		123E360820472A8A009F0B82 /* undo.png in Resources */ = {isa = PBXBuildFile; fileRef = 123E360620472A8A009F0B82 /* undo.png */; };
		123E360920472A8A009F0B82 /* redo.png in Resources */ = {isa = PBXBuildFile; fileRef = 123E360720472A8A009F0B82 /* redo.png */; };
		123E360B20472B54009F0B82 /* reset.png in Resources */ = {isa = PBXBuildFile; fileRef = 123E360A20472B54009F0B82 /* reset.png */; };
		123E360D20472C64009F0B82 /* back.png in Resources */ = {isa = PBXBuildFile; fileRef = 123E360C20472C64009F0B82 /* back.png */; };
		123E361220473069009F0B82 /* reset20.png in Resources */ = {isa = PBXBuildFile; fileRef = 123E360E20473068009F0B82 /* reset20.png */; };
		123E361320473069009F0B82 /* back20.png in Resources */ = {isa = PBXBuildFile; fileRef = 123E360F20473068009F0B82 /* back20.png */; };
		123E361420473069009F0B82 /* redo20.png in Resources */ = {isa = PBXBuildFile; fileRef = 123E361020473069009F0B82 /* redo20.png */; };
		123E361520473069009F0B82 /* undo20.png in Resources */ = {isa = PBXBuildFile; fileRef = 123E361120473069009F0B82 /* undo20.png */; };
		125082152034F16000AF0BCC /* Play.png in Resources */ = {isa = PBXBuildFile; fileRef = 125082142034F16000AF0BCC /* Play.png */; };
		125082172034F24800AF0BCC /* Rules.png in Resources */ = {isa = PBXBuildFile; fileRef = 125082162034F24800AF0BCC /* Rules.png */; };
		125082192034F28800AF0BCC /* Tutorial.png in Resources */ = {isa = PBXBuildFile; fileRef = 125082182034F28800AF0BCC /* Tutorial.png */; };
		1250821B2034F2F200AF0BCC /* rect_jaune.png in Resources */ = {isa = PBXBuildFile; fileRef = 1250821A2034F2F100AF0BCC /* rect_jaune.png */; };
		1250821D2034F35200AF0BCC /* rect_rose.png in Resources */ = {isa = PBXBuildFile; fileRef = 1250821C2034F35200AF0BCC /* rect_rose.png */; };
		1250821F2034F3AA00AF0BCC /* rect_turq.png in Resources */ = {isa = PBXBuildFile; fileRef = 1250821E2034F3AA00AF0BCC /* rect_turq.png */; };
		1250822220359DAD00AF0BCC /* Generator.swift in Sources */ = {isa = PBXBuildFile; fileRef = 1250822120359DAD00AF0BCC /* Generator.swift */; };
		1250822420359E6E00AF0BCC /* Initializor.swift in Sources */ = {isa = PBXBuildFile; fileRef = 1250822320359E6E00AF0BCC /* Initializor.swift */; };
		125082282035C22E00AF0BCC /* rulesViewController.swift in Sources */ = {isa = PBXBuildFile; fileRef = 125082272035C22E00AF0BCC /* rulesViewController.swift */; };
		1250822A2035D8FD00AF0BCC /* define.swift in Sources */ = {isa = PBXBuildFile; fileRef = 125082292035D8FD00AF0BCC /* define.swift */; };
		129402DD2041716300AA3D42 /* preferencesViewController.swift in Sources */ = {isa = PBXBuildFile; fileRef = 129402DC2041716300AA3D42 /* preferencesViewController.swift */; };
		129402DF2041734F00AA3D42 /* setting.png in Resources */ = {isa = PBXBuildFile; fileRef = 129402DE2041734E00AA3D42 /* setting.png */; };
		12B095E71FFFD94A002C57D5 /* AppDelegate.swift in Sources */ = {isa = PBXBuildFile; fileRef = 12B095E61FFFD94A002C57D5 /* AppDelegate.swift */; };
		12B095EC1FFFD94A002C57D5 /* Main.storyboard in Resources */ = {isa = PBXBuildFile; fileRef = 12B095EA1FFFD94A002C57D5 /* Main.storyboard */; };
		12B095EF1FFFD94A002C57D5 /* Pentatonic.xcdatamodeld in Sources */ = {isa = PBXBuildFile; fileRef = 12B095ED1FFFD94A002C57D5 /* Pentatonic.xcdatamodeld */; };
		12B095F11FFFD94A002C57D5 /* Assets.xcassets in Resources */ = {isa = PBXBuildFile; fileRef = 12B095F01FFFD94A002C57D5 /* Assets.xcassets */; };
		12B095F41FFFD94A002C57D5 /* LaunchScreen.storyboard in Resources */ = {isa = PBXBuildFile; fileRef = 12B095F21FFFD94A002C57D5 /* LaunchScreen.storyboard */; };
		12B096082000E89E002C57D5 /* listNiveauViewController.swift in Sources */ = {isa = PBXBuildFile; fileRef = 12B096072000E89E002C57D5 /* listNiveauViewController.swift */; };
		12BB271520371C9A0037FBBC /* tutorialViewController.swift in Sources */ = {isa = PBXBuildFile; fileRef = 12BB271420371C9A0037FBBC /* tutorialViewController.swift */; };
		12CCD2B220446C99003AD04C /* ABackup.swift in Sources */ = {isa = PBXBuildFile; fileRef = 12CCD2B120446C99003AD04C /* ABackup.swift */; };
		12CCD2B420446DA8003AD04C /* ATotalBackup.swift in Sources */ = {isa = PBXBuildFile; fileRef = 12CCD2B320446DA8003AD04C /* ATotalBackup.swift */; };
		12CCD2B82045BE10003AD04C /* all.json in Resources */ = {isa = PBXBuildFile; fileRef = 12CCD2B72045BE10003AD04C /* all.json */; };
/* End PBXBuildFile section */

/* Begin PBXFileReference section */
		1206976F20416B1600234B56 /* mainPageController.swift */ = {isa = PBXFileReference; lastKnownFileType = sourcecode.swift; path = mainPageController.swift; sourceTree = "<group>"; };
		120D2488203B77820000CAAD /* playViewController.swift */ = {isa = PBXFileReference; lastKnownFileType = sourcecode.swift; path = playViewController.swift; sourceTree = "<group>"; };
		120D248C203B935C0000CAAD /* AValeur.swift */ = {isa = PBXFileReference; lastKnownFileType = sourcecode.swift; path = AValeur.swift; sourceTree = "<group>"; };
		120D248E203B938F0000CAAD /* APoint.swift */ = {isa = PBXFileReference; lastKnownFileType = sourcecode.swift; path = APoint.swift; sourceTree = "<group>"; };
		120D2490203B93C30000CAAD /* ADifference.swift */ = {isa = PBXFileReference; lastKnownFileType = sourcecode.swift; path = ADifference.swift; sourceTree = "<group>"; };
		120D2492203B93F80000CAAD /* ASimilarites.swift */ = {isa = PBXFileReference; lastKnownFileType = sourcecode.swift; path = ASimilarites.swift; sourceTree = "<group>"; };
		120D2494203B942D0000CAAD /* APenta.swift */ = {isa = PBXFileReference; lastKnownFileType = sourcecode.swift; path = APenta.swift; sourceTree = "<group>"; };
		120D2496203BA9D70000CAAD /* transparent.png */ = {isa = PBXFileReference; lastKnownFileType = image.png; path = transparent.png; sourceTree = "<group>"; };
		121DB757204874B200DDAC40 /* regexp20.png */ = {isa = PBXFileReference; lastKnownFileType = image.png; path = regexp20.png; sourceTree = "<group>"; };
		123E35FE2046EEC3009F0B82 /* Media.xcassets */ = {isa = PBXFileReference; lastKnownFileType = folder.assetcatalog; name = Media.xcassets; path = logo/Media.xcassets; sourceTree = "<group>"; };
		123E36002046EFCB009F0B82 /* background.png */ = {isa = PBXFileReference; lastKnownFileType = image.png; path = background.png; sourceTree = "<group>"; };
		123E36022046F1B2009F0B82 /* background2.png */ = {isa = PBXFileReference; lastKnownFileType = image.png; name = background2.png; path = logo/background2.png; sourceTree = "<group>"; };
		123E3604204710A5009F0B82 /* Background3.png */ = {isa = PBXFileReference; lastKnownFileType = image.png; name = Background3.png; path = logo/Background3.png; sourceTree = "<group>"; };
		123E360620472A8A009F0B82 /* undo.png */ = {isa = PBXFileReference; lastKnownFileType = image.png; name = undo.png; path = logo/undo.png; sourceTree = "<group>"; };
		123E360720472A8A009F0B82 /* redo.png */ = {isa = PBXFileReference; lastKnownFileType = image.png; name = redo.png; path = logo/redo.png; sourceTree = "<group>"; };
		123E360A20472B54009F0B82 /* reset.png */ = {isa = PBXFileReference; lastKnownFileType = image.png; name = reset.png; path = logo/reset.png; sourceTree = "<group>"; };
		123E360C20472C64009F0B82 /* back.png */ = {isa = PBXFileReference; lastKnownFileType = image.png; name = back.png; path = logo/back.png; sourceTree = "<group>"; };
		123E360E20473068009F0B82 /* reset20.png */ = {isa = PBXFileReference; lastKnownFileType = image.png; name = reset20.png; path = logo/reset20.png; sourceTree = "<group>"; };
		123E360F20473068009F0B82 /* back20.png */ = {isa = PBXFileReference; lastKnownFileType = image.png; name = back20.png; path = logo/back20.png; sourceTree = "<group>"; };
		123E361020473069009F0B82 /* redo20.png */ = {isa = PBXFileReference; lastKnownFileType = image.png; name = redo20.png; path = logo/redo20.png; sourceTree = "<group>"; };
		123E361120473069009F0B82 /* undo20.png */ = {isa = PBXFileReference; lastKnownFileType = image.png; name = undo20.png; path = logo/undo20.png; sourceTree = "<group>"; };
		125082142034F16000AF0BCC /* Play.png */ = {isa = PBXFileReference; lastKnownFileType = image.png; path = Play.png; sourceTree = "<group>"; };
		125082162034F24800AF0BCC /* Rules.png */ = {isa = PBXFileReference; lastKnownFileType = image.png; path = Rules.png; sourceTree = "<group>"; };
		125082182034F28800AF0BCC /* Tutorial.png */ = {isa = PBXFileReference; lastKnownFileType = image.png; path = Tutorial.png; sourceTree = "<group>"; };
		1250821A2034F2F100AF0BCC /* rect_jaune.png */ = {isa = PBXFileReference; lastKnownFileType = image.png; path = rect_jaune.png; sourceTree = "<group>"; };
		1250821C2034F35200AF0BCC /* rect_rose.png */ = {isa = PBXFileReference; lastKnownFileType = image.png; path = rect_rose.png; sourceTree = "<group>"; };
		1250821E2034F3AA00AF0BCC /* rect_turq.png */ = {isa = PBXFileReference; lastKnownFileType = image.png; path = rect_turq.png; sourceTree = "<group>"; };
		1250822120359DAD00AF0BCC /* Generator.swift */ = {isa = PBXFileReference; lastKnownFileType = sourcecode.swift; path = Generator.swift; sourceTree = "<group>"; };
		1250822320359E6E00AF0BCC /* Initializor.swift */ = {isa = PBXFileReference; lastKnownFileType = sourcecode.swift; path = Initializor.swift; sourceTree = "<group>"; };
		125082272035C22E00AF0BCC /* rulesViewController.swift */ = {isa = PBXFileReference; lastKnownFileType = sourcecode.swift; path = rulesViewController.swift; sourceTree = "<group>"; };
		125082292035D8FD00AF0BCC /* define.swift */ = {isa = PBXFileReference; lastKnownFileType = sourcecode.swift; path = define.swift; sourceTree = "<group>"; };
		129402DC2041716300AA3D42 /* preferencesViewController.swift */ = {isa = PBXFileReference; lastKnownFileType = sourcecode.swift; path = preferencesViewController.swift; sourceTree = "<group>"; };
		129402DE2041734E00AA3D42 /* setting.png */ = {isa = PBXFileReference; lastKnownFileType = image.png; path = setting.png; sourceTree = "<group>"; };
		12B095E31FFFD94A002C57D5 /* Pentatonic.app */ = {isa = PBXFileReference; explicitFileType = wrapper.application; includeInIndex = 0; path = Pentatonic.app; sourceTree = BUILT_PRODUCTS_DIR; };
		12B095E61FFFD94A002C57D5 /* AppDelegate.swift */ = {isa = PBXFileReference; lastKnownFileType = sourcecode.swift; path = AppDelegate.swift; sourceTree = "<group>"; };
		12B095EB1FFFD94A002C57D5 /* Base */ = {isa = PBXFileReference; lastKnownFileType = file.storyboard; name = Base; path = Base.lproj/Main.storyboard; sourceTree = "<group>"; };
		12B095EE1FFFD94A002C57D5 /* Pentatonic.xcdatamodel */ = {isa = PBXFileReference; lastKnownFileType = wrapper.xcdatamodel; path = Pentatonic.xcdatamodel; sourceTree = "<group>"; };
		12B095F01FFFD94A002C57D5 /* Assets.xcassets */ = {isa = PBXFileReference; lastKnownFileType = folder.assetcatalog; path = Assets.xcassets; sourceTree = "<group>"; };
		12B095F31FFFD94A002C57D5 /* Base */ = {isa = PBXFileReference; lastKnownFileType = file.storyboard; name = Base; path = Base.lproj/LaunchScreen.storyboard; sourceTree = "<group>"; };
		12B095F51FFFD94A002C57D5 /* Info.plist */ = {isa = PBXFileReference; lastKnownFileType = text.plist.xml; path = Info.plist; sourceTree = "<group>"; };
		12B096072000E89E002C57D5 /* listNiveauViewController.swift */ = {isa = PBXFileReference; lastKnownFileType = sourcecode.swift; path = listNiveauViewController.swift; sourceTree = "<group>"; };
		12BB271420371C9A0037FBBC /* tutorialViewController.swift */ = {isa = PBXFileReference; lastKnownFileType = sourcecode.swift; path = tutorialViewController.swift; sourceTree = "<group>"; };
		12CCD2B120446C99003AD04C /* ABackup.swift */ = {isa = PBXFileReference; lastKnownFileType = sourcecode.swift; path = ABackup.swift; sourceTree = "<group>"; };
		12CCD2B320446DA8003AD04C /* ATotalBackup.swift */ = {isa = PBXFileReference; lastKnownFileType = sourcecode.swift; path = ATotalBackup.swift; sourceTree = "<group>"; };
		12CCD2B72045BE10003AD04C /* all.json */ = {isa = PBXFileReference; fileEncoding = 4; lastKnownFileType = text.json; path = all.json; sourceTree = "<group>"; };
/* End PBXFileReference section */

/* Begin PBXFrameworksBuildPhase section */
		12B095E01FFFD94A002C57D5 /* Frameworks */ = {
			isa = PBXFrameworksBuildPhase;
			buildActionMask = 2147483647;
			files = (
			);
			runOnlyForDeploymentPostprocessing = 0;
		};
/* End PBXFrameworksBuildPhase section */

/* Begin PBXGroup section */
		1250822020359D2E00AF0BCC /* Datas */ = {
			isa = PBXGroup;
			children = (
				12CCD2B72045BE10003AD04C /* all.json */,
			);
			path = Datas;
			sourceTree = "<group>";
		};
		12B095DA1FFFD94A002C57D5 = {
			isa = PBXGroup;
			children = (
				12B095E51FFFD94A002C57D5 /* Pentatonic */,
				12B095E41FFFD94A002C57D5 /* Products */,
			);
			sourceTree = "<group>";
		};
		12B095E41FFFD94A002C57D5 /* Products */ = {
			isa = PBXGroup;
			children = (
				12B095E31FFFD94A002C57D5 /* Pentatonic.app */,
			);
			name = Products;
			sourceTree = "<group>";
		};
		12B095E51FFFD94A002C57D5 /* Pentatonic */ = {
			isa = PBXGroup;
			children = (
				12B095EA1FFFD94A002C57D5 /* Main.storyboard */,
				1206976F20416B1600234B56 /* mainPageController.swift */,
				129402DC2041716300AA3D42 /* preferencesViewController.swift */,
				12BB271420371C9A0037FBBC /* tutorialViewController.swift */,
				12B096072000E89E002C57D5 /* listNiveauViewController.swift */,
				120D2488203B77820000CAAD /* playViewController.swift */,
				125082272035C22E00AF0BCC /* rulesViewController.swift */,
				12B095E61FFFD94A002C57D5 /* AppDelegate.swift */,
				1250822120359DAD00AF0BCC /* Generator.swift */,
				1250822320359E6E00AF0BCC /* Initializor.swift */,
				125082292035D8FD00AF0BCC /* define.swift */,
				120D2494203B942D0000CAAD /* APenta.swift */,
				120D2492203B93F80000CAAD /* ASimilarites.swift */,
				120D2490203B93C30000CAAD /* ADifference.swift */,
				120D248E203B938F0000CAAD /* APoint.swift */,
				120D248C203B935C0000CAAD /* AValeur.swift */,
				12CCD2B120446C99003AD04C /* ABackup.swift */,
				12CCD2B320446DA8003AD04C /* ATotalBackup.swift */,
				123E35FE2046EEC3009F0B82 /* Media.xcassets */,
				1250822020359D2E00AF0BCC /* Datas */,
				12B095F01FFFD94A002C57D5 /* Assets.xcassets */,
				123E360F20473068009F0B82 /* back20.png */,
				121DB757204874B200DDAC40 /* regexp20.png */,
				123E361020473069009F0B82 /* redo20.png */,
				123E360E20473068009F0B82 /* reset20.png */,
				123E361120473069009F0B82 /* undo20.png */,
				123E360C20472C64009F0B82 /* back.png */,
				123E36002046EFCB009F0B82 /* background.png */,
				123E36022046F1B2009F0B82 /* background2.png */,
				123E3604204710A5009F0B82 /* Background3.png */,
				125082142034F16000AF0BCC /* Play.png */,
				1250821A2034F2F100AF0BCC /* rect_jaune.png */,
				1250821C2034F35200AF0BCC /* rect_rose.png */,
				1250821E2034F3AA00AF0BCC /* rect_turq.png */,
				123E360720472A8A009F0B82 /* redo.png */,
				123E360A20472B54009F0B82 /* reset.png */,
				125082162034F24800AF0BCC /* Rules.png */,
				129402DE2041734E00AA3D42 /* setting.png */,
				120D2496203BA9D70000CAAD /* transparent.png */,
				125082182034F28800AF0BCC /* Tutorial.png */,
				123E360620472A8A009F0B82 /* undo.png */,
				12B095F21FFFD94A002C57D5 /* LaunchScreen.storyboard */,
				12B095F51FFFD94A002C57D5 /* Info.plist */,
				12B095ED1FFFD94A002C57D5 /* Pentatonic.xcdatamodeld */,
			);
			path = Pentatonic;
			sourceTree = "<group>";
		};
/* End PBXGroup section */

/* Begin PBXNativeTarget section */
		12B095E21FFFD94A002C57D5 /* Pentatonic */ = {
			isa = PBXNativeTarget;
			buildConfigurationList = 12B095F81FFFD94A002C57D5 /* Build configuration list for PBXNativeTarget "Pentatonic" */;
			buildPhases = (
				12B095DF1FFFD94A002C57D5 /* Sources */,
				12B095E01FFFD94A002C57D5 /* Frameworks */,
				12B095E11FFFD94A002C57D5 /* Resources */,
			);
			buildRules = (
			);
			dependencies = (
			);
			name = Pentatonic;
			productName = Pentatonic;
			productReference = 12B095E31FFFD94A002C57D5 /* Pentatonic.app */;
			productType = "com.apple.product-type.application";
		};
/* End PBXNativeTarget section */

/* Begin PBXProject section */
		12B095DB1FFFD94A002C57D5 /* Project object */ = {
			isa = PBXProject;
			attributes = {
				LastSwiftUpdateCheck = 0920;
				LastUpgradeCheck = 0920;
				ORGANIZATIONNAME = "Armand Hornik";
				TargetAttributes = {
					12B095E21FFFD94A002C57D5 = {
						CreatedOnToolsVersion = 9.2;
						ProvisioningStyle = Automatic;
					};
				};
			};
			buildConfigurationList = 12B095DE1FFFD94A002C57D5 /* Build configuration list for PBXProject "Pentatonic" */;
			compatibilityVersion = "Xcode 8.0";
			developmentRegion = en;
			hasScannedForEncodings = 0;
			knownRegions = (
				en,
				Base,
			);
			mainGroup = 12B095DA1FFFD94A002C57D5;
			productRefGroup = 12B095E41FFFD94A002C57D5 /* Products */;
			projectDirPath = "";
			projectRoot = "";
			targets = (
				12B095E21FFFD94A002C57D5 /* Pentatonic */,
			);
		};
/* End PBXProject section */

/* Begin PBXResourcesBuildPhase section */
		12B095E11FFFD94A002C57D5 /* Resources */ = {
			isa = PBXResourcesBuildPhase;
			buildActionMask = 2147483647;
			files = (
				123E361220473069009F0B82 /* reset20.png in Resources */,
				12B095F41FFFD94A002C57D5 /* LaunchScreen.storyboard in Resources */,
				1250821F2034F3AA00AF0BCC /* rect_turq.png in Resources */,
				123E361420473069009F0B82 /* redo20.png in Resources */,
				123E35FF2046EEC4009F0B82 /* Media.xcassets in Resources */,
				1250821B2034F2F200AF0BCC /* rect_jaune.png in Resources */,
				12B095F11FFFD94A002C57D5 /* Assets.xcassets in Resources */,
				123E3605204710A5009F0B82 /* Background3.png in Resources */,
				120D2497203BA9D70000CAAD /* transparent.png in Resources */,
				123E360B20472B54009F0B82 /* reset.png in Resources */,
				12CCD2B82045BE10003AD04C /* all.json in Resources */,
				123E36032046F1B2009F0B82 /* background2.png in Resources */,
				12B095EC1FFFD94A002C57D5 /* Main.storyboard in Resources */,
				123E361320473069009F0B82 /* back20.png in Resources */,
				125082152034F16000AF0BCC /* Play.png in Resources */,
				123E360920472A8A009F0B82 /* redo.png in Resources */,
				123E36012046EFCB009F0B82 /* background.png in Resources */,
				123E360820472A8A009F0B82 /* undo.png in Resources */,
				1250821D2034F35200AF0BCC /* rect_rose.png in Resources */,
				123E360D20472C64009F0B82 /* back.png in Resources */,
				121DB758204874B300DDAC40 /* regexp20.png in Resources */,
				125082172034F24800AF0BCC /* Rules.png in Resources */,
				123E361520473069009F0B82 /* undo20.png in Resources */,
				129402DF2041734F00AA3D42 /* setting.png in Resources */,
				125082192034F28800AF0BCC /* Tutorial.png in Resources */,
			);
			runOnlyForDeploymentPostprocessing = 0;
		};
/* End PBXResourcesBuildPhase section */

/* Begin PBXSourcesBuildPhase section */
		12B095DF1FFFD94A002C57D5 /* Sources */ = {
			isa = PBXSourcesBuildPhase;
			buildActionMask = 2147483647;
			files = (
				12B096082000E89E002C57D5 /* listNiveauViewController.swift in Sources */,
				120D2491203B93C30000CAAD /* ADifference.swift in Sources */,
				120D2495203B942D0000CAAD /* APenta.swift in Sources */,
				120D2493203B93F80000CAAD /* ASimilarites.swift in Sources */,
				12BB271520371C9A0037FBBC /* tutorialViewController.swift in Sources */,
				1250822A2035D8FD00AF0BCC /* define.swift in Sources */,
				120D2489203B77820000CAAD /* playViewController.swift in Sources */,
				12B095EF1FFFD94A002C57D5 /* Pentatonic.xcdatamodeld in Sources */,
				129402DD2041716300AA3D42 /* preferencesViewController.swift in Sources */,
				12CCD2B220446C99003AD04C /* ABackup.swift in Sources */,
				1206977020416B1600234B56 /* mainPageController.swift in Sources */,
				120D248F203B938F0000CAAD /* APoint.swift in Sources */,
				120D248D203B935C0000CAAD /* AValeur.swift in Sources */,
				12B095E71FFFD94A002C57D5 /* AppDelegate.swift in Sources */,
				1250822420359E6E00AF0BCC /* Initializor.swift in Sources */,
				125082282035C22E00AF0BCC /* rulesViewController.swift in Sources */,
				12CCD2B420446DA8003AD04C /* ATotalBackup.swift in Sources */,
				1250822220359DAD00AF0BCC /* Generator.swift in Sources */,
			);
			runOnlyForDeploymentPostprocessing = 0;
		};
/* End PBXSourcesBuildPhase section */

/* Begin PBXVariantGroup section */
		12B095EA1FFFD94A002C57D5 /* Main.storyboard */ = {
			isa = PBXVariantGroup;
			children = (
				12B095EB1FFFD94A002C57D5 /* Base */,
			);
			name = Main.storyboard;
			sourceTree = "<group>";
		};
		12B095F21FFFD94A002C57D5 /* LaunchScreen.storyboard */ = {
			isa = PBXVariantGroup;
			children = (
				12B095F31FFFD94A002C57D5 /* Base */,
			);
			name = LaunchScreen.storyboard;
			sourceTree = "<group>";
		};
/* End PBXVariantGroup section */

/* Begin XCBuildConfiguration section */
		12B095F61FFFD94A002C57D5 /* Debug */ = {
			isa = XCBuildConfiguration;
			buildSettings = {
				ALWAYS_SEARCH_USER_PATHS = NO;
				CLANG_ANALYZER_NONNULL = YES;
				CLANG_ANALYZER_NUMBER_OBJECT_CONVERSION = YES_AGGRESSIVE;
				CLANG_CXX_LANGUAGE_STANDARD = "gnu++14";
				CLANG_CXX_LIBRARY = "libc++";
				CLANG_ENABLE_MODULES = YES;
				CLANG_ENABLE_OBJC_ARC = YES;
				CLANG_WARN_BLOCK_CAPTURE_AUTORELEASING = YES;
				CLANG_WARN_BOOL_CONVERSION = YES;
				CLANG_WARN_COMMA = YES;
				CLANG_WARN_CONSTANT_CONVERSION = YES;
				CLANG_WARN_DIRECT_OBJC_ISA_USAGE = YES_ERROR;
				CLANG_WARN_DOCUMENTATION_COMMENTS = YES;
				CLANG_WARN_EMPTY_BODY = YES;
				CLANG_WARN_ENUM_CONVERSION = YES;
				CLANG_WARN_INFINITE_RECURSION = YES;
				CLANG_WARN_INT_CONVERSION = YES;
				CLANG_WARN_NON_LITERAL_NULL_CONVERSION = YES;
				CLANG_WARN_OBJC_LITERAL_CONVERSION = YES;
				CLANG_WARN_OBJC_ROOT_CLASS = YES_ERROR;
				CLANG_WARN_RANGE_LOOP_ANALYSIS = YES;
				CLANG_WARN_STRICT_PROTOTYPES = YES;
				CLANG_WARN_SUSPICIOUS_MOVE = YES;
				CLANG_WARN_UNGUARDED_AVAILABILITY = YES_AGGRESSIVE;
				CLANG_WARN_UNREACHABLE_CODE = YES;
				CLANG_WARN__DUPLICATE_METHOD_MATCH = YES;
				CODE_SIGN_IDENTITY = "iPhone Developer";
				COPY_PHASE_STRIP = NO;
				DEBUG_INFORMATION_FORMAT = dwarf;
				ENABLE_STRICT_OBJC_MSGSEND = YES;
				ENABLE_TESTABILITY = YES;
				GCC_C_LANGUAGE_STANDARD = gnu11;
				GCC_DYNAMIC_NO_PIC = NO;
				GCC_NO_COMMON_BLOCKS = YES;
				GCC_OPTIMIZATION_LEVEL = 0;
				GCC_PREPROCESSOR_DEFINITIONS = (
					"DEBUG=1",
					"$(inherited)",
				);
				GCC_WARN_64_TO_32_BIT_CONVERSION = YES;
				GCC_WARN_ABOUT_RETURN_TYPE = YES_ERROR;
				GCC_WARN_UNDECLARED_SELECTOR = YES;
				GCC_WARN_UNINITIALIZED_AUTOS = YES_AGGRESSIVE;
				GCC_WARN_UNUSED_FUNCTION = YES;
				GCC_WARN_UNUSED_VARIABLE = YES;
				IPHONEOS_DEPLOYMENT_TARGET = 11.2;
				MTL_ENABLE_DEBUG_INFO = YES;
				ONLY_ACTIVE_ARCH = YES;
				SDKROOT = iphoneos;
				SWIFT_ACTIVE_COMPILATION_CONDITIONS = DEBUG;
				SWIFT_OPTIMIZATION_LEVEL = "-Onone";
			};
			name = Debug;
		};
		12B095F71FFFD94A002C57D5 /* Release */ = {
			isa = XCBuildConfiguration;
			buildSettings = {
				ALWAYS_SEARCH_USER_PATHS = NO;
				CLANG_ANALYZER_NONNULL = YES;
				CLANG_ANALYZER_NUMBER_OBJECT_CONVERSION = YES_AGGRESSIVE;
				CLANG_CXX_LANGUAGE_STANDARD = "gnu++14";
				CLANG_CXX_LIBRARY = "libc++";
				CLANG_ENABLE_MODULES = YES;
				CLANG_ENABLE_OBJC_ARC = YES;
				CLANG_WARN_BLOCK_CAPTURE_AUTORELEASING = YES;
				CLANG_WARN_BOOL_CONVERSION = YES;
				CLANG_WARN_COMMA = YES;
				CLANG_WARN_CONSTANT_CONVERSION = YES;
				CLANG_WARN_DIRECT_OBJC_ISA_USAGE = YES_ERROR;
				CLANG_WARN_DOCUMENTATION_COMMENTS = YES;
				CLANG_WARN_EMPTY_BODY = YES;
				CLANG_WARN_ENUM_CONVERSION = YES;
				CLANG_WARN_INFINITE_RECURSION = YES;
				CLANG_WARN_INT_CONVERSION = YES;
				CLANG_WARN_NON_LITERAL_NULL_CONVERSION = YES;
				CLANG_WARN_OBJC_LITERAL_CONVERSION = YES;
				CLANG_WARN_OBJC_ROOT_CLASS = YES_ERROR;
				CLANG_WARN_RANGE_LOOP_ANALYSIS = YES;
				CLANG_WARN_STRICT_PROTOTYPES = YES;
				CLANG_WARN_SUSPICIOUS_MOVE = YES;
				CLANG_WARN_UNGUARDED_AVAILABILITY = YES_AGGRESSIVE;
				CLANG_WARN_UNREACHABLE_CODE = YES;
				CLANG_WARN__DUPLICATE_METHOD_MATCH = YES;
				CODE_SIGN_IDENTITY = "iPhone Developer";
				COPY_PHASE_STRIP = NO;
				DEBUG_INFORMATION_FORMAT = "dwarf-with-dsym";
				ENABLE_NS_ASSERTIONS = NO;
				ENABLE_STRICT_OBJC_MSGSEND = YES;
				GCC_C_LANGUAGE_STANDARD = gnu11;
				GCC_NO_COMMON_BLOCKS = YES;
				GCC_WARN_64_TO_32_BIT_CONVERSION = YES;
				GCC_WARN_ABOUT_RETURN_TYPE = YES_ERROR;
				GCC_WARN_UNDECLARED_SELECTOR = YES;
				GCC_WARN_UNINITIALIZED_AUTOS = YES_AGGRESSIVE;
				GCC_WARN_UNUSED_FUNCTION = YES;
				GCC_WARN_UNUSED_VARIABLE = YES;
				IPHONEOS_DEPLOYMENT_TARGET = 11.2;
				MTL_ENABLE_DEBUG_INFO = NO;
				SDKROOT = iphoneos;
				SWIFT_OPTIMIZATION_LEVEL = "-Owholemodule";
				VALIDATE_PRODUCT = YES;
			};
			name = Release;
		};
		12B095F91FFFD94A002C57D5 /* Debug */ = {
			isa = XCBuildConfiguration;
			buildSettings = {
				ASSETCATALOG_COMPILER_APPICON_NAME = AppIcon;
				ASSETCATALOG_COMPILER_LAUNCHIMAGE_NAME = LaunchImage;
				CODE_SIGN_STYLE = Automatic;
				DEVELOPMENT_TEAM = 56AB46NRLK;
				INFOPLIST_FILE = Pentatonic/Info.plist;
				IPHONEOS_DEPLOYMENT_TARGET = 10.0;
				LD_RUNPATH_SEARCH_PATHS = "$(inherited) @executable_path/Frameworks";
				PRODUCT_BUNDLE_IDENTIFIER = com.hornik.armand.Pentatonic;
				PRODUCT_NAME = "$(TARGET_NAME)";
				SWIFT_VERSION = 4.0;
				TARGETED_DEVICE_FAMILY = "1,2";
			};
			name = Debug;
		};
		12B095FA1FFFD94A002C57D5 /* Release */ = {
			isa = XCBuildConfiguration;
			buildSettings = {
				ASSETCATALOG_COMPILER_APPICON_NAME = AppIcon;
				ASSETCATALOG_COMPILER_LAUNCHIMAGE_NAME = LaunchImage;
				CODE_SIGN_STYLE = Automatic;
				DEVELOPMENT_TEAM = 56AB46NRLK;
				INFOPLIST_FILE = Pentatonic/Info.plist;
				IPHONEOS_DEPLOYMENT_TARGET = 10.0;
				LD_RUNPATH_SEARCH_PATHS = "$(inherited) @executable_path/Frameworks";
				PRODUCT_BUNDLE_IDENTIFIER = com.hornik.armand.Pentatonic;
				PRODUCT_NAME = "$(TARGET_NAME)";
				SWIFT_VERSION = 4.0;
				TARGETED_DEVICE_FAMILY = "1,2";
			};
			name = Release;
		};
/* End XCBuildConfiguration section */

/* Begin XCConfigurationList section */
		12B095DE1FFFD94A002C57D5 /* Build configuration list for PBXProject "Pentatonic" */ = {
			isa = XCConfigurationList;
			buildConfigurations = (
				12B095F61FFFD94A002C57D5 /* Debug */,
				12B095F71FFFD94A002C57D5 /* Release */,
			);
			defaultConfigurationIsVisible = 0;
			defaultConfigurationName = Release;
		};
		12B095F81FFFD94A002C57D5 /* Build configuration list for PBXNativeTarget "Pentatonic" */ = {
			isa = XCConfigurationList;
			buildConfigurations = (
				12B095F91FFFD94A002C57D5 /* Debug */,
				12B095FA1FFFD94A002C57D5 /* Release */,
			);
			defaultConfigurationIsVisible = 0;
			defaultConfigurationName = Release;
		};
/* End XCConfigurationList section */

/* Begin XCVersionGroup section */
		12B095ED1FFFD94A002C57D5 /* Pentatonic.xcdatamodeld */ = {
			isa = XCVersionGroup;
			children = (
				12B095EE1FFFD94A002C57D5 /* Pentatonic.xcdatamodel */,
			);
			currentVersion = 12B095EE1FFFD94A002C57D5 /* Pentatonic.xcdatamodel */;
			path = Pentatonic.xcdatamodeld;
			sourceTree = "<group>";
			versionGroupType = wrapper.xcdatamodel;
		};
/* End XCVersionGroup section */
	};
	rootObject = 12B095DB1FFFD94A002C57D5 /* Project object */;
}
